
Microsoft Visual Studio Solution File, Format Version 12.00
# Visual Studio 15
VisualStudioVersion = 15.0.27428.2027
MinimumVisualStudioVersion = 10.0.40219.1
Project("{FAE04EC0-301F-11D3-BF4B-00C04F79EFBC}") = "TestProblemsConsole", "TestProblemsConsole\TestProblemsConsole.csproj", "{8B1C9A46-ABC4-48F3-9D56-DF9870ABED95}"
EndProject
Project("{FAE04EC0-301F-11D3-BF4B-00C04F79EFBC}") = "Problems", "Problems\Problems.csproj", "{CA5F5FA0-6E9E-4903-B01C-B04796CD7A51}"
EndProject
Global
	GlobalSection(SolutionConfigurationPlatforms) = preSolution
		Debug|Any CPU = Debug|Any CPU
		Release|Any CPU = Release|Any CPU
	EndGlobalSection
	GlobalSection(ProjectConfigurationPlatforms) = postSolution
		{8B1C9A46-ABC4-48F3-9D56-DF9870ABED95}.Debug|Any CPU.ActiveCfg = Debug|Any CPU
		{8B1C9A46-ABC4-48F3-9D56-DF9870ABED95}.Debug|Any CPU.Build.0 = Debug|Any CPU
		{8B1C9A46-ABC4-48F3-9D56-DF9870ABED95}.Release|Any CPU.ActiveCfg = Release|Any CPU
		{8B1C9A46-ABC4-48F3-9D56-DF9870ABED95}.Release|Any CPU.Build.0 = Release|Any CPU
		{CA5F5FA0-6E9E-4903-B01C-B04796CD7A51}.Debug|Any CPU.ActiveCfg = Debug|Any CPU
		{CA5F5FA0-6E9E-4903-B01C-B04796CD7A51}.Debug|Any CPU.Build.0 = Debug|Any CPU
		{CA5F5FA0-6E9E-4903-B01C-B04796CD7A51}.Release|Any CPU.ActiveCfg = Release|Any CPU
		{CA5F5FA0-6E9E-4903-B01C-B04796CD7A51}.Release|Any CPU.Build.0 = Release|Any CPU
	EndGlobalSection
	GlobalSection(SolutionProperties) = preSolution
		HideSolutionNode = FALSE
	EndGlobalSection
	GlobalSection(ExtensibilityGlobals) = postSolution
		SolutionGuid = {FC7A504E-979B-4618-803D-3773B1FE4438}
	EndGlobalSection
EndGlobal
